
Microsoft Visual Studio Solution File, Format Version 12.00
# Visual Studio Version 17
VisualStudioVersion = 17.5.33424.131
MinimumVisualStudioVersion = 10.0.40219.1
Project("{FAE04EC0-301F-11D3-BF4B-00C04F79EFBC}") = "ConsultaNotas", "ConsultaNotas\ConsultaNotas.csproj", "{282D19A5-545F-4495-89DF-F36A1CA64B6B}"
EndProject
Global
	GlobalSection(SolutionConfigurationPlatforms) = preSolution
		Debug|Any CPU = Debug|Any CPU
		Release|Any CPU = Release|Any CPU
	EndGlobalSection
	GlobalSection(ProjectConfigurationPlatforms) = postSolution
		{282D19A5-545F-4495-89DF-F36A1CA64B6B}.Debug|Any CPU.ActiveCfg = Debug|Any CPU
		{282D19A5-545F-4495-89DF-F36A1CA64B6B}.Debug|Any CPU.Build.0 = Debug|Any CPU
		{282D19A5-545F-4495-89DF-F36A1CA64B6B}.Release|Any CPU.ActiveCfg = Release|Any CPU
		{282D19A5-545F-4495-89DF-F36A1CA64B6B}.Release|Any CPU.Build.0 = Release|Any CPU
	EndGlobalSection
	GlobalSection(SolutionProperties) = preSolution
		HideSolutionNode = FALSE
	EndGlobalSection
	GlobalSection(ExtensibilityGlobals) = postSolution
		SolutionGuid = {5F716A65-6358-440C-A6FD-7BD64612B52C}
	EndGlobalSection
EndGlobal
